schema: '2.0'
stages:
  prepare:
    cmd: python3 src/prepare.py data/raw data/prepared
    deps:
    - path: data/raw
      hash: md5
      md5: 6d8f0c274829764e1ea1112420825014.dir
      size: 8822930
      nfiles: 1605
    - path: src/prepare.py
      hash: md5
      md5: b53ee81783a42e451ecedb148b6ceffb
      size: 2542
    - path: src/utils/seed.py
      hash: md5
      md5: e9dbd5bedb90485613007f19f192aeea
      size: 439
    params:
      params.yaml:
        prepare:
          seed: 77
          split: 0.2
          image_size:
          - 32
          - 32
          grayscale: true
    outs:
    - path: data/prepared
      hash: md5
      md5: f5be67745dfffc6c1403898c6372c44f.dir
      size: 6619330
      nfiles: 8
  train:
    cmd: python3 src/train.py data/prepared model
    deps:
    - path: data/prepared
      hash: md5
      md5: f5be67745dfffc6c1403898c6372c44f.dir
      size: 6619330
      nfiles: 8
    - path: src/train.py
      hash: md5
      md5: b8b86c12e10f6547dad07c3e09272090
      size: 2530
    - path: src/utils/seed.py
      hash: md5
      md5: e9dbd5bedb90485613007f19f192aeea
      size: 439
    params:
      params.yaml:
        train:
          seed: 77
          lr: 0.0001
          epochs: 10
          conv_size: 32
          dense_size: 64
          output_classes: 11
    outs:
    - path: model
      hash: md5
      md5: 1e65c17d0295b22c14ae875f9b73b816.dir
      size: 2608422
      nfiles: 6
  evaluate:
    cmd: python3 src/evaluate.py model data/prepared
    deps:
    - path: model
      hash: md5
      md5: 1e65c17d0295b22c14ae875f9b73b816.dir
      size: 2608422
      nfiles: 6
    - path: src/evaluate.py
      hash: md5
      md5: 54ef2d597e93b1faddc0280ffaf0d41d
      size: 5144
    outs:
    - path: evaluation/metrics.json
      hash: md5
      md5: 1e06b61bd339179bffe7669dedbd392b
      size: 63
    - path: evaluation/plots/confusion_matrix.png
      hash: md5
      md5: c29095edee8c2c57af2923ca756c52ef
      size: 50343
    - path: evaluation/plots/pred_preview.png
      hash: md5
      md5: 88f5219f4b7dcaef5037c8f2210635d1
      size: 44295
    - path: evaluation/plots/training_history.png
      hash: md5
      md5: 9b29db01fdc85d27aab52537317a1304
      size: 39706
