schema: '2.0'
stages:
  prepare:
    cmd: python3 src/prepare.py data/raw data/prepared
    deps:
    - path: data/raw
      hash: md5
      md5: 6d8f0c274829764e1ea1112420825014.dir
      size: 8822930
      nfiles: 1605
    - path: src/prepare.py
      hash: md5
      md5: b53ee81783a42e451ecedb148b6ceffb
      size: 2542
    - path: src/utils/seed.py
      hash: md5
      md5: e9dbd5bedb90485613007f19f192aeea
      size: 439
    params:
      params.yaml:
        prepare:
          seed: 77
          split: 0.2
          image_size:
          - 32
          - 32
          grayscale: true
    outs:
    - path: data/prepared
      hash: md5
      md5: f5be67745dfffc6c1403898c6372c44f.dir
      size: 6619330
      nfiles: 8
  train:
    cmd: python3 src/train.py data/prepared model
    deps:
    - path: data/prepared
      hash: md5
      md5: f5be67745dfffc6c1403898c6372c44f.dir
      size: 6619330
      nfiles: 8
    - path: src/train.py
      hash: md5
      md5: b8b86c12e10f6547dad07c3e09272090
      size: 2530
    - path: src/utils/seed.py
      hash: md5
      md5: e9dbd5bedb90485613007f19f192aeea
      size: 439
    params:
      params.yaml:
        train:
          seed: 77
          lr: 0.001
          epochs: 10
          conv_size: 64
          dense_size: 128
          output_classes: 11
    outs:
    - path: model
      hash: md5
      md5: cb33c21d34237247cb50f03771b7bac9.dir
      size: 9994475
      nfiles: 6
  evaluate:
    cmd: python3 src/evaluate.py model data/prepared
    deps:
    - path: model
      hash: md5
      md5: cb33c21d34237247cb50f03771b7bac9.dir
      size: 9994475
      nfiles: 6
    - path: src/evaluate.py
      hash: md5
      md5: 54ef2d597e93b1faddc0280ffaf0d41d
      size: 5144
    outs:
    - path: evaluation/metrics.json
      hash: md5
      md5: 9ddd963c09cb2f539384050a979cbadb
      size: 64
    - path: evaluation/plots/confusion_matrix.png
      hash: md5
      md5: 336b7f2abe5d19783662f06b84f3bbd0
      size: 45598
    - path: evaluation/plots/pred_preview.png
      hash: md5
      md5: 31554048f82ea59cd998c0905804550a
      size: 43555
    - path: evaluation/plots/training_history.png
      hash: md5
      md5: 154c8278081375f8361c8bcdc2d74618
      size: 37391
